
Microsoft Visual Studio Solution File, Format Version 12.00
# Visual Studio Version 16
VisualStudioVersion = 16.0.30204.135
MinimumVisualStudioVersion = 10.0.40219.1
Project("{FAE04EC0-301F-11D3-BF4B-00C04F79EFBC}") = "Holtz_Academy.API", "Holtz_Academy.API\Holtz_Academy.API.csproj", "{B6BC1AEA-5AAE-4433-99C9-8635B8121CEB}"
EndProject
Global
	GlobalSection(SolutionConfigurationPlatforms) = preSolution
		Debug|Any CPU = Debug|Any CPU
		Release|Any CPU = Release|Any CPU
	EndGlobalSection
	GlobalSection(ProjectConfigurationPlatforms) = postSolution
		{B6BC1AEA-5AAE-4433-99C9-8635B8121CEB}.Debug|Any CPU.ActiveCfg = Debug|Any CPU
		{B6BC1AEA-5AAE-4433-99C9-8635B8121CEB}.Debug|Any CPU.Build.0 = Debug|Any CPU
		{B6BC1AEA-5AAE-4433-99C9-8635B8121CEB}.Release|Any CPU.ActiveCfg = Release|Any CPU
		{B6BC1AEA-5AAE-4433-99C9-8635B8121CEB}.Release|Any CPU.Build.0 = Release|Any CPU
	EndGlobalSection
	GlobalSection(SolutionProperties) = preSolution
		HideSolutionNode = FALSE
	EndGlobalSection
	GlobalSection(ExtensibilityGlobals) = postSolution
		SolutionGuid = {BF99F0CD-FE0D-46FB-B921-866B23D820D0}
	EndGlobalSection
EndGlobal
